<?xml version="1.0" encoding="utf-8"?>
<Project ToolsVersion="4.0" xmlns="http://schemas.microsoft.com/developer/msbuild/2003">
  <ItemGroup>
    <Filter Include="Source Files">
      <UniqueIdentifier>{4FC737F1-C7A5-4376-A066-2A32D752A2FF}</UniqueIdentifier>
      <Extensions>cpp;c;cc;cxx;def;odl;idl;hpj;bat;asm;asmx</Extensions>
    </Filter>
    <Filter Include="Header Files">
      <UniqueIdentifier>{93995380-89BD-4b04-88EB-625FBE52EBFB}</UniqueIdentifier>
      <Extensions>h;hpp;hxx;hm;inl;inc;xsd</Extensions>
    </Filter>
    <Filter Include="Resource Files">
      <UniqueIdentifier>{67DA6AB6-F800-4c08-8B7A-83BB121AAD01}</UniqueIdentifier>
      <Extensions>rc;ico;cur;bmp;dlg;rc2;rct;bin;rgs;gif;jpg;jpeg;jpe;resx;tiff;tif;png;wav;mfcribbon-ms</Extensions>
    </Filter>
    <Filter Include="Resource Files\Men_One_Sample_Norm">
      <UniqueIdentifier>{bb9bdaa1-42a2-4512-8fb2-3867399f0f84}</UniqueIdentifier>
    </Filter>
  </ItemGroup>
  <ItemGroup>
    <None Include="lena.jpg">
      <Filter>Resource Files</Filter>
    </None>
    <None Include="OpenCV_Debug.props">
      <Filter>Resource Files</Filter>
    </None>
    <None Include="OpenCV_Release.props">
      <Filter>Resource Files</Filter>
    </None>
    <None Include="Men_One_Sample_Norm\adam_sandler1_recortada.jpg">
      <Filter>Resource Files\Men_One_Sample_Norm</Filter>
    </None>
    <None Include="Men_One_Sample_Norm\akon2_recortada.jpg">
      <Filter>Resource Files\Men_One_Sample_Norm</Filter>
    </None>
    <None Include="Men_One_Sample_Norm\andre_marques5_recortada.jpg">
      <Filter>Resource Files\Men_One_Sample_Norm</Filter>
    </None>
    <None Include="Men_One_Sample_Norm\andrew_lincoln5_recortada.jpg">
      <Filter>Resource Files\Men_One_Sample_Norm</Filter>
    </None>
    <None Include="Men_One_Sample_Norm\arnold_schwarzenegger5_recortada.jpg">
      <Filter>Resource Files\Men_One_Sample_Norm</Filter>
    </None>
    <None Include="Men_One_Sample_Norm\ashton_kutcher1_recortada.jpg">
      <Filter>Resource Files\Men_One_Sample_Norm</Filter>
    </None>
    <None Include="Men_One_Sample_Norm\barack_obama1_recortada.jpg">
      <Filter>Resource Files\Men_One_Sample_Norm</Filter>
    </None>
    <None Include="Men_One_Sample_Norm\ben_affleck3_recortada.jpg">
      <Filter>Resource Files\Men_One_Sample_Norm</Filter>
    </None>
    <None Include="Men_One_Sample_Norm\ben_stiller4_recortada.jpg">
      <Filter>Resource Files\Men_One_Sample_Norm</Filter>
    </None>
    <None Include="Men_One_Sample_Norm\brad_pitt3_recortada.jpg">
      <Filter>Resource Files\Men_One_Sample_Norm</Filter>
    </None>
    <None Include="Men_One_Sample_Norm\chris_brown2_recortada.jpg">
      <Filter>Resource Files\Men_One_Sample_Norm</Filter>
    </None>
    <None Include="Men_One_Sample_Norm\chris_rock1_recortada.jpg">
      <Filter>Resource Files\Men_One_Sample_Norm</Filter>
    </None>
    <None Include="Men_One_Sample_Norm\chuck_norris1_recortada.jpg">
      <Filter>Resource Files\Men_One_Sample_Norm</Filter>
    </None>
    <None Include="Men_One_Sample_Norm\daniel_radcliffe3_recortada.jpg">
      <Filter>Resource Files\Men_One_Sample_Norm</Filter>
    </None>
    <None Include="Men_One_Sample_Norm\david_schwimmer1_recortada.jpg">
      <Filter>Resource Files\Men_One_Sample_Norm</Filter>
    </None>
    <None Include="Men_One_Sample_Norm\dwayne_johnson2_recortada.jpg">
      <Filter>Resource Files\Men_One_Sample_Norm</Filter>
    </None>
    <None Include="Men_One_Sample_Norm\eddie_murphy5_recortada.jpg">
      <Filter>Resource Files\Men_One_Sample_Norm</Filter>
    </None>
    <None Include="Men_One_Sample_Norm\henri_castelli2_recortada.jpg">
      <Filter>Resource Files\Men_One_Sample_Norm</Filter>
    </None>
    <None Include="Men_One_Sample_Norm\hugh_jackman8_recortada.jpg">
      <Filter>Resource Files\Men_One_Sample_Norm</Filter>
    </None>
    <None Include="Men_One_Sample_Norm\jackie_chan9_recortada.jpg">
      <Filter>Resource Files\Men_One_Sample_Norm</Filter>
    </None>
    <None Include="Men_One_Sample_Norm\jason_statham4_recortada.jpg">
      <Filter>Resource Files\Men_One_Sample_Norm</Filter>
    </None>
    <None Include="Men_One_Sample_Norm\jet_li6_recortada.jpg">
      <Filter>Resource Files\Men_One_Sample_Norm</Filter>
    </None>
    <None Include="Men_One_Sample_Norm\jim_carey1_recortada.jpg">
      <Filter>Resource Files\Men_One_Sample_Norm</Filter>
    </None>
    <None Include="Men_One_Sample_Norm\jim_parsons7.jpg">
      <Filter>Resource Files\Men_One_Sample_Norm</Filter>
    </None>
    <None Include="Men_One_Sample_Norm\johnny_depp1_recortada.jpg">
      <Filter>Resource Files\Men_One_Sample_Norm</Filter>
    </None>
    <None Include="Men_One_Sample_Norm\johnny_galecki4_recortada.jpg">
      <Filter>Resource Files\Men_One_Sample_Norm</Filter>
    </None>
    <None Include="Men_One_Sample_Norm\jon_bernthal2_recortada.jpg">
      <Filter>Resource Files\Men_One_Sample_Norm</Filter>
    </None>
    <None Include="Men_One_Sample_Norm\justin_bieber5_recortada.jpg">
      <Filter>Resource Files\Men_One_Sample_Norm</Filter>
    </None>
    <None Include="Men_One_Sample_Norm\kaua_reymond3_recortada.jpg">
      <Filter>Resource Files\Men_One_Sample_Norm</Filter>
    </None>
    <None Include="Men_One_Sample_Norm\kunal_nayyar4_recortada.jpg">
      <Filter>Resource Files\Men_One_Sample_Norm</Filter>
    </None>
    <None Include="Men_One_Sample_Norm\lazaro_ramos7_recortada.jpg">
      <Filter>Resource Files\Men_One_Sample_Norm</Filter>
    </None>
    <None Include="Men_One_Sample_Norm\leonardo_dicaprio8_recortada.jpg">
      <Filter>Resource Files\Men_One_Sample_Norm</Filter>
    </None>
    <None Include="Men_One_Sample_Norm\luan_santana3_recortada.jpg">
      <Filter>Resource Files\Men_One_Sample_Norm</Filter>
    </None>
    <None Include="Men_One_Sample_Norm\luciano_huck1_recortada.jpg">
      <Filter>Resource Files\Men_One_Sample_Norm</Filter>
    </None>
    <None Include="Men_One_Sample_Norm\macaulay_culkin5_recortada.jpg">
      <Filter>Resource Files\Men_One_Sample_Norm</Filter>
    </None>
    <None Include="Men_One_Sample_Norm\marcello_novaes3_recortada.jpg">
      <Filter>Resource Files\Men_One_Sample_Norm</Filter>
    </None>
    <None Include="Men_One_Sample_Norm\marcelo_serrado5_recortada.jpg">
      <Filter>Resource Files\Men_One_Sample_Norm</Filter>
    </None>
    <None Include="Men_One_Sample_Norm\marcos_mion3_recortada.jpg">
      <Filter>Resource Files\Men_One_Sample_Norm</Filter>
    </None>
    <None Include="Men_One_Sample_Norm\marcos_palmeira7_recortada.jpg">
      <Filter>Resource Files\Men_One_Sample_Norm</Filter>
    </None>
    <None Include="Men_One_Sample_Norm\mateus_solano1_recortada.jpg">
      <Filter>Resource Files\Men_One_Sample_Norm</Filter>
    </None>
    <None Include="Men_One_Sample_Norm\matt_damon3_recortada.jpg">
      <Filter>Resource Files\Men_One_Sample_Norm</Filter>
    </None>
    <None Include="Men_One_Sample_Norm\matt_le_blanc3_recortada.jpg">
      <Filter>Resource Files\Men_One_Sample_Norm</Filter>
    </None>
    <None Include="Men_One_Sample_Norm\matthew_perry4_recortada.jpg">
      <Filter>Resource Files\Men_One_Sample_Norm</Filter>
    </None>
    <None Include="Men_One_Sample_Norm\michael_clarke_duncan6.jpg">
      <Filter>Resource Files\Men_One_Sample_Norm</Filter>
    </None>
    <None Include="Men_One_Sample_Norm\michel_telo10_recortada.jpg">
      <Filter>Resource Files\Men_One_Sample_Norm</Filter>
    </None>
    <None Include="Men_One_Sample_Norm\murilo_benicio7_recortada.jpg">
      <Filter>Resource Files\Men_One_Sample_Norm</Filter>
    </None>
    <None Include="Men_One_Sample_Norm\nick_jonas6_recortada.jpg">
      <Filter>Resource Files\Men_One_Sample_Norm</Filter>
    </None>
    <None Include="Men_One_Sample_Norm\nicolas_cage7_recortada.jpg">
      <Filter>Resource Files\Men_One_Sample_Norm</Filter>
    </None>
    <None Include="Men_One_Sample_Norm\norman_reedus1_recortada.jpg">
      <Filter>Resource Files\Men_One_Sample_Norm</Filter>
    </None>
    <None Include="Men_One_Sample_Norm\paulo_zulu6_recortada.jpg">
      <Filter>Resource Files\Men_One_Sample_Norm</Filter>
    </None>
    <None Include="Men_One_Sample_Norm\psy2_recortada.jpg">
      <Filter>Resource Files\Men_One_Sample_Norm</Filter>
    </None>
    <None Include="Men_One_Sample_Norm\robert_downey7_recortada.jpg">
      <Filter>Resource Files\Men_One_Sample_Norm</Filter>
    </None>
    <None Include="Men_One_Sample_Norm\robert_pattinson4_recortada.jpg">
      <Filter>Resource Files\Men_One_Sample_Norm</Filter>
    </None>
    <None Include="Men_One_Sample_Norm\rodrigo_santoro4_recortada.jpg">
      <Filter>Resource Files\Men_One_Sample_Norm</Filter>
    </None>
    <None Include="Men_One_Sample_Norm\ryan_reynolds2_recortada.jpg">
      <Filter>Resource Files\Men_One_Sample_Norm</Filter>
    </None>
    <None Include="Men_One_Sample_Norm\samuel_l_jackson2_recortada.jpg">
      <Filter>Resource Files\Men_One_Sample_Norm</Filter>
    </None>
    <None Include="Men_One_Sample_Norm\sergio_marone7_recortada.jpg">
      <Filter>Resource Files\Men_One_Sample_Norm</Filter>
    </None>
    <None Include="Men_One_Sample_Norm\simon_helberg5_recortada.jpg">
      <Filter>Resource Files\Men_One_Sample_Norm</Filter>
    </None>
    <None Include="Men_One_Sample_Norm\steven_seagal5_recortada.jpg">
      <Filter>Resource Files\Men_One_Sample_Norm</Filter>
    </None>
    <None Include="Men_One_Sample_Norm\steven_yeun6_recortada.jpg">
      <Filter>Resource Files\Men_One_Sample_Norm</Filter>
    </None>
    <None Include="Men_One_Sample_Norm\sylvester_stallone1_recortada.jpg">
      <Filter>Resource Files\Men_One_Sample_Norm</Filter>
    </None>
    <None Include="Men_One_Sample_Norm\taylor_lautner5_recortada.jpg">
      <Filter>Resource Files\Men_One_Sample_Norm</Filter>
    </None>
    <None Include="Men_One_Sample_Norm\Terrycrews3_recortada.jpg">
      <Filter>Resource Files\Men_One_Sample_Norm</Filter>
    </None>
    <None Include="Men_One_Sample_Norm\tom_cruise1_recortada.jpg">
      <Filter>Resource Files\Men_One_Sample_Norm</Filter>
    </None>
    <None Include="Men_One_Sample_Norm\tom_hanks4_recortada.jpg">
      <Filter>Resource Files\Men_One_Sample_Norm</Filter>
    </None>
    <None Include="Men_One_Sample_Norm\tommy_lee_jones2_recortada.jpg">
      <Filter>Resource Files\Men_One_Sample_Norm</Filter>
    </None>
    <None Include="Men_One_Sample_Norm\tyler_james4_recortada.jpg">
      <Filter>Resource Files\Men_One_Sample_Norm</Filter>
    </None>
    <None Include="Men_One_Sample_Norm\vin_diesel3_recortada.jpg">
      <Filter>Resource Files\Men_One_Sample_Norm</Filter>
    </None>
    <None Include="Men_One_Sample_Norm\vince_vaughn4_recortada.jpg">
      <Filter>Resource Files\Men_One_Sample_Norm</Filter>
    </None>
    <None Include="Men_One_Sample_Norm\will_smith2_recortada.jpg">
      <Filter>Resource Files\Men_One_Sample_Norm</Filter>
    </None>
    <None Include="Men_One_Sample_Norm\zac_efron1_recortada.jpg">
      <Filter>Resource Files\Men_One_Sample_Norm</Filter>
    </None>
  </ItemGroup>
  <ItemGroup>
    <ClCompile Include="main.cpp">
      <Filter>Source Files</Filter>
    </ClCompile>
  </ItemGroup>
</Project>